// !$*UTF8*$!
{
	archiveVersion = 1;
	classes = {
	};
	objectVersion = 50;
	objects = {

/* Begin PBXBuildFile section */
		352A8702227529640080D5A7 /* ProductCell.swift in Sources */ = {isa = PBXBuildFile; fileRef = 352A8701227529640080D5A7 /* ProductCell.swift */; };
		352A870422752A900080D5A7 /* Product.swift in Sources */ = {isa = PBXBuildFile; fileRef = 352A870322752A900080D5A7 /* Product.swift */; };
		353216202273DF4600782C3B /* Category.swift in Sources */ = {isa = PBXBuildFile; fileRef = 3532161F2273DF4600782C3B /* Category.swift */; };
		353216232273E02300782C3B /* DataService.swift in Sources */ = {isa = PBXBuildFile; fileRef = 353216222273E02300782C3B /* DataService.swift */; };
		35F3655B22419F6800E7467C /* AppDelegate.swift in Sources */ = {isa = PBXBuildFile; fileRef = 35F3655A22419F6800E7467C /* AppDelegate.swift */; };
		35F3655D22419F6800E7467C /* CategoriesVC.swift in Sources */ = {isa = PBXBuildFile; fileRef = 35F3655C22419F6800E7467C /* CategoriesVC.swift */; };
		35F3656022419F6800E7467C /* Main.storyboard in Resources */ = {isa = PBXBuildFile; fileRef = 35F3655E22419F6800E7467C /* Main.storyboard */; };
		35F3656222419F6900E7467C /* Assets.xcassets in Resources */ = {isa = PBXBuildFile; fileRef = 35F3656122419F6900E7467C /* Assets.xcassets */; };
		35F3656522419F6900E7467C /* LaunchScreen.storyboard in Resources */ = {isa = PBXBuildFile; fileRef = 35F3656322419F6900E7467C /* LaunchScreen.storyboard */; };
		35F365712243089B00E7467C /* CategoryCell.swift in Sources */ = {isa = PBXBuildFile; fileRef = 35F365702243089B00E7467C /* CategoryCell.swift */; };
/* End PBXBuildFile section */

/* Begin PBXFileReference section */
		352A8701227529640080D5A7 /* ProductCell.swift */ = {isa = PBXFileReference; lastKnownFileType = sourcecode.swift; path = ProductCell.swift; sourceTree = "<group>"; };
		352A870322752A900080D5A7 /* Product.swift */ = {isa = PBXFileReference; lastKnownFileType = sourcecode.swift; path = Product.swift; sourceTree = "<group>"; };
		3532161F2273DF4600782C3B /* Category.swift */ = {isa = PBXFileReference; lastKnownFileType = sourcecode.swift; path = Category.swift; sourceTree = "<group>"; };
		353216222273E02300782C3B /* DataService.swift */ = {isa = PBXFileReference; lastKnownFileType = sourcecode.swift; path = DataService.swift; sourceTree = "<group>"; };
		35F3655722419F6800E7467C /* CoderSwag.app */ = {isa = PBXFileReference; explicitFileType = wrapper.application; includeInIndex = 0; path = CoderSwag.app; sourceTree = BUILT_PRODUCTS_DIR; };
		35F3655A22419F6800E7467C /* AppDelegate.swift */ = {isa = PBXFileReference; lastKnownFileType = sourcecode.swift; path = AppDelegate.swift; sourceTree = "<group>"; };
		35F3655C22419F6800E7467C /* CategoriesVC.swift */ = {isa = PBXFileReference; lastKnownFileType = sourcecode.swift; path = CategoriesVC.swift; sourceTree = "<group>"; };
		35F3655F22419F6800E7467C /* Base */ = {isa = PBXFileReference; lastKnownFileType = file.storyboard; name = Base; path = Base.lproj/Main.storyboard; sourceTree = "<group>"; };
		35F3656122419F6900E7467C /* Assets.xcassets */ = {isa = PBXFileReference; lastKnownFileType = folder.assetcatalog; path = Assets.xcassets; sourceTree = "<group>"; };
		35F3656422419F6900E7467C /* Base */ = {isa = PBXFileReference; lastKnownFileType = file.storyboard; name = Base; path = Base.lproj/LaunchScreen.storyboard; sourceTree = "<group>"; };
		35F3656622419F6900E7467C /* Info.plist */ = {isa = PBXFileReference; lastKnownFileType = text.plist.xml; path = Info.plist; sourceTree = "<group>"; };
		35F365702243089B00E7467C /* CategoryCell.swift */ = {isa = PBXFileReference; lastKnownFileType = sourcecode.swift; path = CategoryCell.swift; sourceTree = "<group>"; };
/* End PBXFileReference section */

/* Begin PBXFrameworksBuildPhase section */
		35F3655422419F6800E7467C /* Frameworks */ = {
			isa = PBXFrameworksBuildPhase;
			buildActionMask = 2147483647;
			files = (
			);
			runOnlyForDeploymentPostprocessing = 0;
		};
/* End PBXFrameworksBuildPhase section */

/* Begin PBXGroup section */
		353216212273E01300782C3B /* Services */ = {
			isa = PBXGroup;
			children = (
				353216222273E02300782C3B /* DataService.swift */,
			);
			path = Services;
			sourceTree = "<group>";
		};
		35F3654E22419F6800E7467C = {
			isa = PBXGroup;
			children = (
				35F3655922419F6800E7467C /* CoderSwag */,
				35F3655822419F6800E7467C /* Products */,
			);
			sourceTree = "<group>";
		};
		35F3655822419F6800E7467C /* Products */ = {
			isa = PBXGroup;
			children = (
				35F3655722419F6800E7467C /* CoderSwag.app */,
			);
			name = Products;
			sourceTree = "<group>";
		};
		35F3655922419F6800E7467C /* CoderSwag */ = {
			isa = PBXGroup;
			children = (
				353216212273E01300782C3B /* Services */,
				35F3656C224307AE00E7467C /* Model */,
				35F3656F2243082B00E7467C /* View */,
				35F3656D224307F200E7467C /* Controller */,
				35F3655A22419F6800E7467C /* AppDelegate.swift */,
				35F3655E22419F6800E7467C /* Main.storyboard */,
				35F3656122419F6900E7467C /* Assets.xcassets */,
				35F3656322419F6900E7467C /* LaunchScreen.storyboard */,
				35F3656622419F6900E7467C /* Info.plist */,
			);
			path = CoderSwag;
			sourceTree = "<group>";
		};
		35F3656C224307AE00E7467C /* Model */ = {
			isa = PBXGroup;
			children = (
				3532161F2273DF4600782C3B /* Category.swift */,
				352A870322752A900080D5A7 /* Product.swift */,
			);
			path = Model;
			sourceTree = "<group>";
		};
		35F3656D224307F200E7467C /* Controller */ = {
			isa = PBXGroup;
			children = (
				35F3655C22419F6800E7467C /* CategoriesVC.swift */,
			);
			path = Controller;
			sourceTree = "<group>";
		};
		35F3656F2243082B00E7467C /* View */ = {
			isa = PBXGroup;
			children = (
				35F365702243089B00E7467C /* CategoryCell.swift */,
				352A8701227529640080D5A7 /* ProductCell.swift */,
			);
			path = View;
			sourceTree = "<group>";
		};
/* End PBXGroup section */

/* Begin PBXNativeTarget section */
		35F3655622419F6800E7467C /* CoderSwag */ = {
			isa = PBXNativeTarget;
			buildConfigurationList = 35F3656922419F6900E7467C /* Build configuration list for PBXNativeTarget "CoderSwag" */;
			buildPhases = (
				35F3655322419F6800E7467C /* Sources */,
				35F3655422419F6800E7467C /* Frameworks */,
				35F3655522419F6800E7467C /* Resources */,
			);
			buildRules = (
			);
			dependencies = (
			);
			name = CoderSwag;
			productName = CoderSwag;
			productReference = 35F3655722419F6800E7467C /* CoderSwag.app */;
			productType = "com.apple.product-type.application";
		};
/* End PBXNativeTarget section */

/* Begin PBXProject section */
		35F3654F22419F6800E7467C /* Project object */ = {
			isa = PBXProject;
			attributes = {
				LastSwiftUpdateCheck = 1010;
				LastUpgradeCheck = 1010;
				ORGANIZATIONNAME = "Shreya Randive";
				TargetAttributes = {
					35F3655622419F6800E7467C = {
						CreatedOnToolsVersion = 10.1;
					};
				};
			};
			buildConfigurationList = 35F3655222419F6800E7467C /* Build configuration list for PBXProject "CoderSwag" */;
			compatibilityVersion = "Xcode 9.3";
			developmentRegion = en;
			hasScannedForEncodings = 0;
			knownRegions = (
				en,
				Base,
			);
			mainGroup = 35F3654E22419F6800E7467C;
			productRefGroup = 35F3655822419F6800E7467C /* Products */;
			projectDirPath = "";
			projectRoot = "";
			targets = (
				35F3655622419F6800E7467C /* CoderSwag */,
			);
		};
/* End PBXProject section */

/* Begin PBXResourcesBuildPhase section */
		35F3655522419F6800E7467C /* Resources */ = {
			isa = PBXResourcesBuildPhase;
			buildActionMask = 2147483647;
			files = (
				35F3656522419F6900E7467C /* LaunchScreen.storyboard in Resources */,
				35F3656222419F6900E7467C /* Assets.xcassets in Resources */,
				35F3656022419F6800E7467C /* Main.storyboard in Resources */,
			);
			runOnlyForDeploymentPostprocessing = 0;
		};
/* End PBXResourcesBuildPhase section */

/* Begin PBXSourcesBuildPhase section */
		35F3655322419F6800E7467C /* Sources */ = {
			isa = PBXSourcesBuildPhase;
			buildActionMask = 2147483647;
			files = (
				35F3655D22419F6800E7467C /* CategoriesVC.swift in Sources */,
				35F365712243089B00E7467C /* CategoryCell.swift in Sources */,
				35F3655B22419F6800E7467C /* AppDelegate.swift in Sources */,
				352A8702227529640080D5A7 /* ProductCell.swift in Sources */,
				353216202273DF4600782C3B /* Category.swift in Sources */,
				353216232273E02300782C3B /* DataService.swift in Sources */,
				352A870422752A900080D5A7 /* Product.swift in Sources */,
			);
			runOnlyForDeploymentPostprocessing = 0;
		};
/* End PBXSourcesBuildPhase section */

/* Begin PBXVariantGroup section */
		35F3655E22419F6800E7467C /* Main.storyboard */ = {
			isa = PBXVariantGroup;
			children = (
				35F3655F22419F6800E7467C /* Base */,
			);
			name = Main.storyboard;
			sourceTree = "<group>";
		};
		35F3656322419F6900E7467C /* LaunchScreen.storyboard */ = {
			isa = PBXVariantGroup;
			children = (
				35F3656422419F6900E7467C /* Base */,
			);
			name = LaunchScreen.storyboard;
			sourceTree = "<group>";
		};
/* End PBXVariantGroup section */

/* Begin XCBuildConfiguration section */
		35F3656722419F6900E7467C /* Debug */ = {
			isa = XCBuildConfiguration;
			buildSettings = {
				ALWAYS_SEARCH_USER_PATHS = NO;
				CLANG_ANALYZER_NONNULL = YES;
				CLANG_ANALYZER_NUMBER_OBJECT_CONVERSION = YES_AGGRESSIVE;
				CLANG_CXX_LANGUAGE_STANDARD = "gnu++14";
				CLANG_CXX_LIBRARY = "libc++";
				CLANG_ENABLE_MODULES = YES;
				CLANG_ENABLE_OBJC_ARC = YES;
				CLANG_ENABLE_OBJC_WEAK = YES;
				CLANG_WARN_BLOCK_CAPTURE_AUTORELEASING = YES;
				CLANG_WARN_BOOL_CONVERSION = YES;
				CLANG_WARN_COMMA = YES;
				CLANG_WARN_CONSTANT_CONVERSION = YES;
				CLANG_WARN_DEPRECATED_OBJC_IMPLEMENTATIONS = YES;
				CLANG_WARN_DIRECT_OBJC_ISA_USAGE = YES_ERROR;
				CLANG_WARN_DOCUMENTATION_COMMENTS = YES;
				CLANG_WARN_EMPTY_BODY = YES;
				CLANG_WARN_ENUM_CONVERSION = YES;
				CLANG_WARN_INFINITE_RECURSION = YES;
				CLANG_WARN_INT_CONVERSION = YES;
				CLANG_WARN_NON_LITERAL_NULL_CONVERSION = YES;
				CLANG_WARN_OBJC_IMPLICIT_RETAIN_SELF = YES;
				CLANG_WARN_OBJC_LITERAL_CONVERSION = YES;
				CLANG_WARN_OBJC_ROOT_CLASS = YES_ERROR;
				CLANG_WARN_RANGE_LOOP_ANALYSIS = YES;
				CLANG_WARN_STRICT_PROTOTYPES = YES;
				CLANG_WARN_SUSPICIOUS_MOVE = YES;
				CLANG_WARN_UNGUARDED_AVAILABILITY = YES_AGGRESSIVE;
				CLANG_WARN_UNREACHABLE_CODE = YES;
				CLANG_WARN__DUPLICATE_METHOD_MATCH = YES;
				CODE_SIGN_IDENTITY = "iPhone Developer";
				COPY_PHASE_STRIP = NO;
				DEBUG_INFORMATION_FORMAT = dwarf;
				ENABLE_STRICT_OBJC_MSGSEND = YES;
				ENABLE_TESTABILITY = YES;
				GCC_C_LANGUAGE_STANDARD = gnu11;
				GCC_DYNAMIC_NO_PIC = NO;
				GCC_NO_COMMON_BLOCKS = YES;
				GCC_OPTIMIZATION_LEVEL = 0;
				GCC_PREPROCESSOR_DEFINITIONS = (
					"DEBUG=1",
					"$(inherited)",
				);
				GCC_WARN_64_TO_32_BIT_CONVERSION = YES;
				GCC_WARN_ABOUT_RETURN_TYPE = YES_ERROR;
				GCC_WARN_UNDECLARED_SELECTOR = YES;
				GCC_WARN_UNINITIALIZED_AUTOS = YES_AGGRESSIVE;
				GCC_WARN_UNUSED_FUNCTION = YES;
				GCC_WARN_UNUSED_VARIABLE = YES;
				IPHONEOS_DEPLOYMENT_TARGET = 12.1;
				MTL_ENABLE_DEBUG_INFO = INCLUDE_SOURCE;
				MTL_FAST_MATH = YES;
				ONLY_ACTIVE_ARCH = YES;
				SDKROOT = iphoneos;
				SWIFT_ACTIVE_COMPILATION_CONDITIONS = DEBUG;
				SWIFT_OPTIMIZATION_LEVEL = "-Onone";
			};
			name = Debug;
		};
		35F3656822419F6900E7467C /* Release */ = {
			isa = XCBuildConfiguration;
			buildSettings = {
				ALWAYS_SEARCH_USER_PATHS = NO;
				CLANG_ANALYZER_NONNULL = YES;
				CLANG_ANALYZER_NUMBER_OBJECT_CONVERSION = YES_AGGRESSIVE;
				CLANG_CXX_LANGUAGE_STANDARD = "gnu++14";
				CLANG_CXX_LIBRARY = "libc++";
				CLANG_ENABLE_MODULES = YES;
				CLANG_ENABLE_OBJC_ARC = YES;
				CLANG_ENABLE_OBJC_WEAK = YES;
				CLANG_WARN_BLOCK_CAPTURE_AUTORELEASING = YES;
				CLANG_WARN_BOOL_CONVERSION = YES;
				CLANG_WARN_COMMA = YES;
				CLANG_WARN_CONSTANT_CONVERSION = YES;
				CLANG_WARN_DEPRECATED_OBJC_IMPLEMENTATIONS = YES;
				CLANG_WARN_DIRECT_OBJC_ISA_USAGE = YES_ERROR;
				CLANG_WARN_DOCUMENTATION_COMMENTS = YES;
				CLANG_WARN_EMPTY_BODY = YES;
				CLANG_WARN_ENUM_CONVERSION = YES;
				CLANG_WARN_INFINITE_RECURSION = YES;
				CLANG_WARN_INT_CONVERSION = YES;
				CLANG_WARN_NON_LITERAL_NULL_CONVERSION = YES;
				CLANG_WARN_OBJC_IMPLICIT_RETAIN_SELF = YES;
				CLANG_WARN_OBJC_LITERAL_CONVERSION = YES;
				CLANG_WARN_OBJC_ROOT_CLASS = YES_ERROR;
				CLANG_WARN_RANGE_LOOP_ANALYSIS = YES;
				CLANG_WARN_STRICT_PROTOTYPES = YES;
				CLANG_WARN_SUSPICIOUS_MOVE = YES;
				CLANG_WARN_UNGUARDED_AVAILABILITY = YES_AGGRESSIVE;
				CLANG_WARN_UNREACHABLE_CODE = YES;
				CLANG_WARN__DUPLICATE_METHOD_MATCH = YES;
				CODE_SIGN_IDENTITY = "iPhone Developer";
				COPY_PHASE_STRIP = NO;
				DEBUG_INFORMATION_FORMAT = "dwarf-with-dsym";
				ENABLE_NS_ASSERTIONS = NO;
				ENABLE_STRICT_OBJC_MSGSEND = YES;
				GCC_C_LANGUAGE_STANDARD = gnu11;
				GCC_NO_COMMON_BLOCKS = YES;
				GCC_WARN_64_TO_32_BIT_CONVERSION = YES;
				GCC_WARN_ABOUT_RETURN_TYPE = YES_ERROR;
				GCC_WARN_UNDECLARED_SELECTOR = YES;
				GCC_WARN_UNINITIALIZED_AUTOS = YES_AGGRESSIVE;
				GCC_WARN_UNUSED_FUNCTION = YES;
				GCC_WARN_UNUSED_VARIABLE = YES;
				IPHONEOS_DEPLOYMENT_TARGET = 12.1;
				MTL_ENABLE_DEBUG_INFO = NO;
				MTL_FAST_MATH = YES;
				SDKROOT = iphoneos;
				SWIFT_COMPILATION_MODE = wholemodule;
				SWIFT_OPTIMIZATION_LEVEL = "-O";
				VALIDATE_PRODUCT = YES;
			};
			name = Release;
		};
		35F3656A22419F6900E7467C /* Debug */ = {
			isa = XCBuildConfiguration;
			buildSettings = {
				ASSETCATALOG_COMPILER_APPICON_NAME = AppIcon;
				CODE_SIGN_STYLE = Automatic;
				DEVELOPMENT_TEAM = LPBH5JPMKU;
				INFOPLIST_FILE = CoderSwag/Info.plist;
				LD_RUNPATH_SEARCH_PATHS = (
					"$(inherited)",
					"@executable_path/Frameworks",
				);
				PRODUCT_BUNDLE_IDENTIFIER = shreyarandive.CoderSwag;
				PRODUCT_NAME = "$(TARGET_NAME)";
				SWIFT_VERSION = 4.2;
				TARGETED_DEVICE_FAMILY = "1,2";
			};
			name = Debug;
		};
		35F3656B22419F6900E7467C /* Release */ = {
			isa = XCBuildConfiguration;
			buildSettings = {
				ASSETCATALOG_COMPILER_APPICON_NAME = AppIcon;
				CODE_SIGN_STYLE = Automatic;
				DEVELOPMENT_TEAM = LPBH5JPMKU;
				INFOPLIST_FILE = CoderSwag/Info.plist;
				LD_RUNPATH_SEARCH_PATHS = (
					"$(inherited)",
					"@executable_path/Frameworks",
				);
				PRODUCT_BUNDLE_IDENTIFIER = shreyarandive.CoderSwag;
				PRODUCT_NAME = "$(TARGET_NAME)";
				SWIFT_VERSION = 4.2;
				TARGETED_DEVICE_FAMILY = "1,2";
			};
			name = Release;
		};
/* End XCBuildConfiguration section */

/* Begin XCConfigurationList section */
		35F3655222419F6800E7467C /* Build configuration list for PBXProject "CoderSwag" */ = {
			isa = XCConfigurationList;
			buildConfigurations = (
				35F3656722419F6900E7467C /* Debug */,
				35F3656822419F6900E7467C /* Release */,
			);
			defaultConfigurationIsVisible = 0;
			defaultConfigurationName = Release;
		};
		35F3656922419F6900E7467C /* Build configuration list for PBXNativeTarget "CoderSwag" */ = {
			isa = XCConfigurationList;
			buildConfigurations = (
				35F3656A22419F6900E7467C /* Debug */,
				35F3656B22419F6900E7467C /* Release */,
			);
			defaultConfigurationIsVisible = 0;
			defaultConfigurationName = Release;
		};
/* End XCConfigurationList section */
	};
	rootObject = 35F3654F22419F6800E7467C /* Project object */;
}
